// !$*UTF8*$!
{
	archiveVersion = 1;
	classes = {
	};
	objectVersion = 52;
	objects = {

/* Begin PBXBuildFile section */
		9F83539DC64D3840473E2334 /* Pods_JogTracker.framework in Frameworks */ = {isa = PBXBuildFile; fileRef = 2918CBAA1E1BA4D3756CC415 /* Pods_JogTracker.framework */; };
		DD0AFFA9274465AB00D1B0DE /* NetworkManager.swift in Sources */ = {isa = PBXBuildFile; fileRef = DD0AFFA8274465AB00D1B0DE /* NetworkManager.swift */; };
		DD0AFFAC2744661C00D1B0DE /* JogsModel.swift in Sources */ = {isa = PBXBuildFile; fileRef = DD0AFFAB2744661C00D1B0DE /* JogsModel.swift */; };
		DD0AFFAF2744666600D1B0DE /* JTError.swift in Sources */ = {isa = PBXBuildFile; fileRef = DD0AFFAE2744666600D1B0DE /* JTError.swift */; };
		DD1C8ADD2742A85D00647DFC /* AppDelegate.swift in Sources */ = {isa = PBXBuildFile; fileRef = DD1C8ADC2742A85D00647DFC /* AppDelegate.swift */; };
		DD1C8ADF2742A85D00647DFC /* SceneDelegate.swift in Sources */ = {isa = PBXBuildFile; fileRef = DD1C8ADE2742A85D00647DFC /* SceneDelegate.swift */; };
		DD1C8AE12742A85D00647DFC /* LoginScreenViewController.swift in Sources */ = {isa = PBXBuildFile; fileRef = DD1C8AE02742A85D00647DFC /* LoginScreenViewController.swift */; };
		DD1C8AE42742A85D00647DFC /* Main.storyboard in Resources */ = {isa = PBXBuildFile; fileRef = DD1C8AE22742A85D00647DFC /* Main.storyboard */; };
		DD1C8AE62742A86000647DFC /* Assets.xcassets in Resources */ = {isa = PBXBuildFile; fileRef = DD1C8AE52742A86000647DFC /* Assets.xcassets */; };
		DD1C8AE92742A86000647DFC /* LaunchScreen.storyboard in Resources */ = {isa = PBXBuildFile; fileRef = DD1C8AE72742A86000647DFC /* LaunchScreen.storyboard */; };
		DD1C8AF62742A9D300647DFC /* Extensions.swift in Sources */ = {isa = PBXBuildFile; fileRef = DD1C8AF52742A9D300647DFC /* Extensions.swift */; };
		DD1C8AFB2742AC9C00647DFC /* SFUIText-Regular.ttf in Resources */ = {isa = PBXBuildFile; fileRef = DD1C8AFA2742AC9C00647DFC /* SFUIText-Regular.ttf */; };
		DD1C8AFE2742ACA800647DFC /* SFUIText-Bold.ttf in Resources */ = {isa = PBXBuildFile; fileRef = DD1C8AFD2742ACA800647DFC /* SFUIText-Bold.ttf */; };
		DD1C8B012742ACCC00647DFC /* SFUIText-Medium.ttf in Resources */ = {isa = PBXBuildFile; fileRef = DD1C8B002742ACCC00647DFC /* SFUIText-Medium.ttf */; };
		DD1C8B052742AFEA00647DFC /* CreateEditJogController.swift in Sources */ = {isa = PBXBuildFile; fileRef = DD1C8B042742AFEA00647DFC /* CreateEditJogController.swift */; };
		DD35D0DE2742E16F00595515 /* InfoViewController.swift in Sources */ = {isa = PBXBuildFile; fileRef = DD35D0DD2742E16F00595515 /* InfoViewController.swift */; };
		DD35D0E12742E72D00595515 /* MenuViewController.swift in Sources */ = {isa = PBXBuildFile; fileRef = DD35D0E02742E72D00595515 /* MenuViewController.swift */; };
		DD35D0E42742EB3F00595515 /* JogsViewController.swift in Sources */ = {isa = PBXBuildFile; fileRef = DD35D0E32742EB3F00595515 /* JogsViewController.swift */; };
		DD35D0E82742EDA400595515 /* PurpleButton.swift in Sources */ = {isa = PBXBuildFile; fileRef = DD35D0E72742EDA400595515 /* PurpleButton.swift */; };
		DD3BEB00274680280061AACF /* LoginModel.swift in Sources */ = {isa = PBXBuildFile; fileRef = DD3BEAFF274680280061AACF /* LoginModel.swift */; };
		DD3BEB052746AC5E0061AACF /* WeekStatsViewController.swift in Sources */ = {isa = PBXBuildFile; fileRef = DD3BEB042746AC5E0061AACF /* WeekStatsViewController.swift */; };
		DD3BEB0A2746AC7D0061AACF /* WeekStatsTableViewCell.swift in Sources */ = {isa = PBXBuildFile; fileRef = DD3BEB082746AC7D0061AACF /* WeekStatsTableViewCell.swift */; };
		DD3BEB0B2746AC7D0061AACF /* WeekStatsTableViewCell.xib in Resources */ = {isa = PBXBuildFile; fileRef = DD3BEB092746AC7D0061AACF /* WeekStatsTableViewCell.xib */; };
		DD3BEB0E2746B0CA0061AACF /* WeekStatsModel.swift in Sources */ = {isa = PBXBuildFile; fileRef = DD3BEB0D2746B0CA0061AACF /* WeekStatsModel.swift */; };
		DD3BEB162746F6A70061AACF /* MenuListTableViewController.swift in Sources */ = {isa = PBXBuildFile; fileRef = DD3BEB152746F6A70061AACF /* MenuListTableViewController.swift */; };
		DD3BEB192746F8DD0061AACF /* FeedbackViewController.swift in Sources */ = {isa = PBXBuildFile; fileRef = DD3BEB182746F8DD0061AACF /* FeedbackViewController.swift */; };
		DD3BEB362747148E0061AACF /* SideMenu in Frameworks */ = {isa = PBXBuildFile; productRef = DD3BEB352747148E0061AACF /* SideMenu */; };
		DD5DFC1527454E4E007F5B14 /* FilterTableViewCell.swift in Sources */ = {isa = PBXBuildFile; fileRef = DD5DFC1327454E4E007F5B14 /* FilterTableViewCell.swift */; };
		DD5DFC1627454E4E007F5B14 /* FilterTableViewCell.xib in Resources */ = {isa = PBXBuildFile; fileRef = DD5DFC1427454E4E007F5B14 /* FilterTableViewCell.xib */; };
		DDA424812743E89900E3E53D /* JogStatisticTableViewCell.swift in Sources */ = {isa = PBXBuildFile; fileRef = DDA4247F2743E89900E3E53D /* JogStatisticTableViewCell.swift */; };
		DDA424822743E89900E3E53D /* JogStatisticTableViewCell.xib in Resources */ = {isa = PBXBuildFile; fileRef = DDA424802743E89900E3E53D /* JogStatisticTableViewCell.xib */; };
/* End PBXBuildFile section */

/* Begin PBXFileReference section */
		19E0E762326A4A51CC97E916 /* Pods-JogTracker.release.xcconfig */ = {isa = PBXFileReference; includeInIndex = 1; lastKnownFileType = text.xcconfig; name = "Pods-JogTracker.release.xcconfig"; path = "Target Support Files/Pods-JogTracker/Pods-JogTracker.release.xcconfig"; sourceTree = "<group>"; };
		2918CBAA1E1BA4D3756CC415 /* Pods_JogTracker.framework */ = {isa = PBXFileReference; explicitFileType = wrapper.framework; includeInIndex = 0; path = Pods_JogTracker.framework; sourceTree = BUILT_PRODUCTS_DIR; };
		7802484B0B6257EA94AD15EB /* Pods-JogTracker.debug.xcconfig */ = {isa = PBXFileReference; includeInIndex = 1; lastKnownFileType = text.xcconfig; name = "Pods-JogTracker.debug.xcconfig"; path = "Target Support Files/Pods-JogTracker/Pods-JogTracker.debug.xcconfig"; sourceTree = "<group>"; };
		DD0AFFA8274465AB00D1B0DE /* NetworkManager.swift */ = {isa = PBXFileReference; lastKnownFileType = sourcecode.swift; path = NetworkManager.swift; sourceTree = "<group>"; };
		DD0AFFAB2744661C00D1B0DE /* JogsModel.swift */ = {isa = PBXFileReference; lastKnownFileType = sourcecode.swift; path = JogsModel.swift; sourceTree = "<group>"; };
		DD0AFFAE2744666600D1B0DE /* JTError.swift */ = {isa = PBXFileReference; lastKnownFileType = sourcecode.swift; path = JTError.swift; sourceTree = "<group>"; };
		DD1C8AD92742A85D00647DFC /* JogTracker.app */ = {isa = PBXFileReference; explicitFileType = wrapper.application; includeInIndex = 0; path = JogTracker.app; sourceTree = BUILT_PRODUCTS_DIR; };
		DD1C8ADC2742A85D00647DFC /* AppDelegate.swift */ = {isa = PBXFileReference; lastKnownFileType = sourcecode.swift; path = AppDelegate.swift; sourceTree = "<group>"; };
		DD1C8ADE2742A85D00647DFC /* SceneDelegate.swift */ = {isa = PBXFileReference; lastKnownFileType = sourcecode.swift; path = SceneDelegate.swift; sourceTree = "<group>"; };
		DD1C8AE02742A85D00647DFC /* LoginScreenViewController.swift */ = {isa = PBXFileReference; lastKnownFileType = sourcecode.swift; path = LoginScreenViewController.swift; sourceTree = "<group>"; };
		DD1C8AE32742A85D00647DFC /* Base */ = {isa = PBXFileReference; lastKnownFileType = file.storyboard; name = Base; path = Base.lproj/Main.storyboard; sourceTree = "<group>"; };
		DD1C8AE52742A86000647DFC /* Assets.xcassets */ = {isa = PBXFileReference; lastKnownFileType = folder.assetcatalog; path = Assets.xcassets; sourceTree = "<group>"; };
		DD1C8AE82742A86000647DFC /* Base */ = {isa = PBXFileReference; lastKnownFileType = file.storyboard; name = Base; path = Base.lproj/LaunchScreen.storyboard; sourceTree = "<group>"; };
		DD1C8AEA2742A86000647DFC /* Info.plist */ = {isa = PBXFileReference; lastKnownFileType = text.plist.xml; path = Info.plist; sourceTree = "<group>"; };
		DD1C8AF52742A9D300647DFC /* Extensions.swift */ = {isa = PBXFileReference; lastKnownFileType = sourcecode.swift; path = Extensions.swift; sourceTree = "<group>"; };
		DD1C8AFA2742AC9C00647DFC /* SFUIText-Regular.ttf */ = {isa = PBXFileReference; lastKnownFileType = file; path = "SFUIText-Regular.ttf"; sourceTree = "<group>"; };
		DD1C8AFD2742ACA800647DFC /* SFUIText-Bold.ttf */ = {isa = PBXFileReference; lastKnownFileType = file; path = "SFUIText-Bold.ttf"; sourceTree = "<group>"; };
		DD1C8B002742ACCC00647DFC /* SFUIText-Medium.ttf */ = {isa = PBXFileReference; lastKnownFileType = file; path = "SFUIText-Medium.ttf"; sourceTree = "<group>"; };
		DD1C8B042742AFEA00647DFC /* CreateEditJogController.swift */ = {isa = PBXFileReference; lastKnownFileType = sourcecode.swift; path = CreateEditJogController.swift; sourceTree = "<group>"; };
		DD35D0DD2742E16F00595515 /* InfoViewController.swift */ = {isa = PBXFileReference; lastKnownFileType = sourcecode.swift; path = InfoViewController.swift; sourceTree = "<group>"; };
		DD35D0E02742E72D00595515 /* MenuViewController.swift */ = {isa = PBXFileReference; lastKnownFileType = sourcecode.swift; path = MenuViewController.swift; sourceTree = "<group>"; };
		DD35D0E32742EB3F00595515 /* JogsViewController.swift */ = {isa = PBXFileReference; lastKnownFileType = sourcecode.swift; path = JogsViewController.swift; sourceTree = "<group>"; };
		DD35D0E72742EDA400595515 /* PurpleButton.swift */ = {isa = PBXFileReference; lastKnownFileType = sourcecode.swift; path = PurpleButton.swift; sourceTree = "<group>"; };
		DD3BEAFF274680280061AACF /* LoginModel.swift */ = {isa = PBXFileReference; lastKnownFileType = sourcecode.swift; path = LoginModel.swift; sourceTree = "<group>"; };
		DD3BEB042746AC5E0061AACF /* WeekStatsViewController.swift */ = {isa = PBXFileReference; lastKnownFileType = sourcecode.swift; path = WeekStatsViewController.swift; sourceTree = "<group>"; };
		DD3BEB082746AC7D0061AACF /* WeekStatsTableViewCell.swift */ = {isa = PBXFileReference; lastKnownFileType = sourcecode.swift; path = WeekStatsTableViewCell.swift; sourceTree = "<group>"; };
		DD3BEB092746AC7D0061AACF /* WeekStatsTableViewCell.xib */ = {isa = PBXFileReference; lastKnownFileType = file.xib; path = WeekStatsTableViewCell.xib; sourceTree = "<group>"; };
		DD3BEB0D2746B0CA0061AACF /* WeekStatsModel.swift */ = {isa = PBXFileReference; lastKnownFileType = sourcecode.swift; path = WeekStatsModel.swift; sourceTree = "<group>"; };
		DD3BEB152746F6A70061AACF /* MenuListTableViewController.swift */ = {isa = PBXFileReference; lastKnownFileType = sourcecode.swift; path = MenuListTableViewController.swift; sourceTree = "<group>"; };
		DD3BEB182746F8DD0061AACF /* FeedbackViewController.swift */ = {isa = PBXFileReference; lastKnownFileType = sourcecode.swift; path = FeedbackViewController.swift; sourceTree = "<group>"; };
		DD5DFC1327454E4E007F5B14 /* FilterTableViewCell.swift */ = {isa = PBXFileReference; lastKnownFileType = sourcecode.swift; path = FilterTableViewCell.swift; sourceTree = "<group>"; };
		DD5DFC1427454E4E007F5B14 /* FilterTableViewCell.xib */ = {isa = PBXFileReference; lastKnownFileType = file.xib; path = FilterTableViewCell.xib; sourceTree = "<group>"; };
		DDA4247F2743E89900E3E53D /* JogStatisticTableViewCell.swift */ = {isa = PBXFileReference; lastKnownFileType = sourcecode.swift; path = JogStatisticTableViewCell.swift; sourceTree = "<group>"; };
		DDA424802743E89900E3E53D /* JogStatisticTableViewCell.xib */ = {isa = PBXFileReference; lastKnownFileType = file.xib; path = JogStatisticTableViewCell.xib; sourceTree = "<group>"; };
/* End PBXFileReference section */

/* Begin PBXFrameworksBuildPhase section */
		DD1C8AD62742A85D00647DFC /* Frameworks */ = {
			isa = PBXFrameworksBuildPhase;
			buildActionMask = 2147483647;
			files = (
				DD3BEB362747148E0061AACF /* SideMenu in Frameworks */,
				9F83539DC64D3840473E2334 /* Pods_JogTracker.framework in Frameworks */,
			);
			runOnlyForDeploymentPostprocessing = 0;
		};
/* End PBXFrameworksBuildPhase section */

/* Begin PBXGroup section */
		1CF2D2DC7AA80FBAFD669052 /* Frameworks */ = {
			isa = PBXGroup;
			children = (
				2918CBAA1E1BA4D3756CC415 /* Pods_JogTracker.framework */,
			);
			name = Frameworks;
			sourceTree = "<group>";
		};
		55745B1A023B60FA1EBF2290 /* Pods */ = {
			isa = PBXGroup;
			children = (
				7802484B0B6257EA94AD15EB /* Pods-JogTracker.debug.xcconfig */,
				19E0E762326A4A51CC97E916 /* Pods-JogTracker.release.xcconfig */,
			);
			path = Pods;
			sourceTree = "<group>";
		};
		DD0AFFA72744659B00D1B0DE /* Networking */ = {
			isa = PBXGroup;
			children = (
				DD0AFFA8274465AB00D1B0DE /* NetworkManager.swift */,
				DD0AFFAB2744661C00D1B0DE /* JogsModel.swift */,
				DD3BEAFF274680280061AACF /* LoginModel.swift */,
			);
			path = Networking;
			sourceTree = "<group>";
		};
		DD1C8AD02742A85D00647DFC = {
			isa = PBXGroup;
			children = (
				DD1C8ADB2742A85D00647DFC /* JogTracker */,
				DD1C8ADA2742A85D00647DFC /* Products */,
				55745B1A023B60FA1EBF2290 /* Pods */,
				1CF2D2DC7AA80FBAFD669052 /* Frameworks */,
			);
			sourceTree = "<group>";
		};
		DD1C8ADA2742A85D00647DFC /* Products */ = {
			isa = PBXGroup;
			children = (
				DD1C8AD92742A85D00647DFC /* JogTracker.app */,
			);
			name = Products;
			sourceTree = "<group>";
		};
		DD1C8ADB2742A85D00647DFC /* JogTracker */ = {
			isa = PBXGroup;
			children = (
				DD0AFFA72744659B00D1B0DE /* Networking */,
				DDA4247E2743E7B100E3E53D /* TableViewCells */,
				DD35D0E62742ED8600595515 /* CustomViews */,
				DD1C8B032742AFA100647DFC /* Controllers */,
				DD1C8AF92742AB3D00647DFC /* Fonts */,
				DD1C8AF42742A9C900647DFC /* Utilities */,
				DD1C8AF12742A87900647DFC /* ApplicationFiles */,
				DD1C8AE22742A85D00647DFC /* Main.storyboard */,
				DD1C8AE52742A86000647DFC /* Assets.xcassets */,
				DD1C8AEA2742A86000647DFC /* Info.plist */,
			);
			path = JogTracker;
			sourceTree = "<group>";
		};
		DD1C8AF12742A87900647DFC /* ApplicationFiles */ = {
			isa = PBXGroup;
			children = (
				DD1C8ADC2742A85D00647DFC /* AppDelegate.swift */,
				DD1C8ADE2742A85D00647DFC /* SceneDelegate.swift */,
				DD1C8AE72742A86000647DFC /* LaunchScreen.storyboard */,
			);
			path = ApplicationFiles;
			sourceTree = "<group>";
		};
		DD1C8AF42742A9C900647DFC /* Utilities */ = {
			isa = PBXGroup;
			children = (
				DD1C8AF52742A9D300647DFC /* Extensions.swift */,
				DD0AFFAE2744666600D1B0DE /* JTError.swift */,
			);
			path = Utilities;
			sourceTree = "<group>";
		};
		DD1C8AF92742AB3D00647DFC /* Fonts */ = {
			isa = PBXGroup;
			children = (
				DD1C8B002742ACCC00647DFC /* SFUIText-Medium.ttf */,
				DD1C8AFD2742ACA800647DFC /* SFUIText-Bold.ttf */,
				DD1C8AFA2742AC9C00647DFC /* SFUIText-Regular.ttf */,
			);
			path = Fonts;
			sourceTree = "<group>";
		};
		DD1C8B032742AFA100647DFC /* Controllers */ = {
			isa = PBXGroup;
			children = (
				DD1C8AE02742A85D00647DFC /* LoginScreenViewController.swift */,
				DD35D0E02742E72D00595515 /* MenuViewController.swift */,
				DD1C8B042742AFEA00647DFC /* CreateEditJogController.swift */,
				DD35D0DD2742E16F00595515 /* InfoViewController.swift */,
				DD35D0E32742EB3F00595515 /* JogsViewController.swift */,
				DD3BEB042746AC5E0061AACF /* WeekStatsViewController.swift */,
				DD3BEB152746F6A70061AACF /* MenuListTableViewController.swift */,
				DD3BEB182746F8DD0061AACF /* FeedbackViewController.swift */,
			);
			path = Controllers;
			sourceTree = "<group>";
		};
		DD35D0E62742ED8600595515 /* CustomViews */ = {
			isa = PBXGroup;
			children = (
				DD35D0E72742EDA400595515 /* PurpleButton.swift */,
			);
			path = CustomViews;
			sourceTree = "<group>";
		};
		DD3BEB072746AC670061AACF /* WeekStatsCell */ = {
			isa = PBXGroup;
			children = (
				DD3BEB082746AC7D0061AACF /* WeekStatsTableViewCell.swift */,
				DD3BEB092746AC7D0061AACF /* WeekStatsTableViewCell.xib */,
				DD3BEB0D2746B0CA0061AACF /* WeekStatsModel.swift */,
			);
			path = WeekStatsCell;
			sourceTree = "<group>";
		};
		DD5DFC1827454E54007F5B14 /* JogStatisticCell */ = {
			isa = PBXGroup;
			children = (
				DDA4247F2743E89900E3E53D /* JogStatisticTableViewCell.swift */,
				DDA424802743E89900E3E53D /* JogStatisticTableViewCell.xib */,
			);
			path = JogStatisticCell;
			sourceTree = "<group>";
		};
		DD5DFC1A27454E5E007F5B14 /* FilterCell */ = {
			isa = PBXGroup;
			children = (
				DD5DFC1327454E4E007F5B14 /* FilterTableViewCell.swift */,
				DD5DFC1427454E4E007F5B14 /* FilterTableViewCell.xib */,
			);
			path = FilterCell;
			sourceTree = "<group>";
		};
		DDA4247E2743E7B100E3E53D /* TableViewCells */ = {
			isa = PBXGroup;
			children = (
				DD3BEB072746AC670061AACF /* WeekStatsCell */,
				DD5DFC1827454E54007F5B14 /* JogStatisticCell */,
				DD5DFC1A27454E5E007F5B14 /* FilterCell */,
			);
			path = TableViewCells;
			sourceTree = "<group>";
		};
/* End PBXGroup section */

/* Begin PBXNativeTarget section */
		DD1C8AD82742A85D00647DFC /* JogTracker */ = {
			isa = PBXNativeTarget;
			buildConfigurationList = DD1C8AED2742A86000647DFC /* Build configuration list for PBXNativeTarget "JogTracker" */;
			buildPhases = (
				BA55C298479EDAAC8E12E1EA /* [CP] Check Pods Manifest.lock */,
				DD1C8AD52742A85D00647DFC /* Sources */,
				DD1C8AD62742A85D00647DFC /* Frameworks */,
				DD1C8AD72742A85D00647DFC /* Resources */,
				161DC7D6F1E4027204C6E548 /* [CP] Embed Pods Frameworks */,
			);
			buildRules = (
			);
			dependencies = (
			);
			name = JogTracker;
			packageProductDependencies = (
				DD3BEB352747148E0061AACF /* SideMenu */,
			);
			productName = JogTracker;
			productReference = DD1C8AD92742A85D00647DFC /* JogTracker.app */;
			productType = "com.apple.product-type.application";
		};
/* End PBXNativeTarget section */

/* Begin PBXProject section */
		DD1C8AD12742A85D00647DFC /* Project object */ = {
			isa = PBXProject;
			attributes = {
				LastSwiftUpdateCheck = 1240;
				LastUpgradeCheck = 1240;
				TargetAttributes = {
					DD1C8AD82742A85D00647DFC = {
						CreatedOnToolsVersion = 12.4;
					};
				};
			};
			buildConfigurationList = DD1C8AD42742A85D00647DFC /* Build configuration list for PBXProject "JogTracker" */;
			compatibilityVersion = "Xcode 9.3";
			developmentRegion = en;
			hasScannedForEncodings = 0;
			knownRegions = (
				en,
				Base,
			);
			mainGroup = DD1C8AD02742A85D00647DFC;
			packageReferences = (
				DD3BEB342747148E0061AACF /* XCRemoteSwiftPackageReference "SideMenu" */,
			);
			productRefGroup = DD1C8ADA2742A85D00647DFC /* Products */;
			projectDirPath = "";
			projectRoot = "";
			targets = (
				DD1C8AD82742A85D00647DFC /* JogTracker */,
			);
		};
/* End PBXProject section */

/* Begin PBXResourcesBuildPhase section */
		DD1C8AD72742A85D00647DFC /* Resources */ = {
			isa = PBXResourcesBuildPhase;
			buildActionMask = 2147483647;
			files = (
				DD1C8AE92742A86000647DFC /* LaunchScreen.storyboard in Resources */,
				DD5DFC1627454E4E007F5B14 /* FilterTableViewCell.xib in Resources */,
				DD3BEB0B2746AC7D0061AACF /* WeekStatsTableViewCell.xib in Resources */,
				DD1C8B012742ACCC00647DFC /* SFUIText-Medium.ttf in Resources */,
				DDA424822743E89900E3E53D /* JogStatisticTableViewCell.xib in Resources */,
				DD1C8AE62742A86000647DFC /* Assets.xcassets in Resources */,
				DD1C8AE42742A85D00647DFC /* Main.storyboard in Resources */,
				DD1C8AFE2742ACA800647DFC /* SFUIText-Bold.ttf in Resources */,
				DD1C8AFB2742AC9C00647DFC /* SFUIText-Regular.ttf in Resources */,
			);
			runOnlyForDeploymentPostprocessing = 0;
		};
/* End PBXResourcesBuildPhase section */

/* Begin PBXShellScriptBuildPhase section */
		161DC7D6F1E4027204C6E548 /* [CP] Embed Pods Frameworks */ = {
			isa = PBXShellScriptBuildPhase;
			buildActionMask = 2147483647;
			files = (
			);
			inputFileListPaths = (
				"${PODS_ROOT}/Target Support Files/Pods-JogTracker/Pods-JogTracker-frameworks-${CONFIGURATION}-input-files.xcfilelist",
			);
			name = "[CP] Embed Pods Frameworks";
			outputFileListPaths = (
				"${PODS_ROOT}/Target Support Files/Pods-JogTracker/Pods-JogTracker-frameworks-${CONFIGURATION}-output-files.xcfilelist",
			);
			runOnlyForDeploymentPostprocessing = 0;
			shellPath = /bin/sh;
			shellScript = "\"${PODS_ROOT}/Target Support Files/Pods-JogTracker/Pods-JogTracker-frameworks.sh\"\n";
			showEnvVarsInLog = 0;
		};
		BA55C298479EDAAC8E12E1EA /* [CP] Check Pods Manifest.lock */ = {
			isa = PBXShellScriptBuildPhase;
			buildActionMask = 2147483647;
			files = (
			);
			inputFileListPaths = (
			);
			inputPaths = (
				"${PODS_PODFILE_DIR_PATH}/Podfile.lock",
				"${PODS_ROOT}/Manifest.lock",
			);
			name = "[CP] Check Pods Manifest.lock";
			outputFileListPaths = (
			);
			outputPaths = (
				"$(DERIVED_FILE_DIR)/Pods-JogTracker-checkManifestLockResult.txt",
			);
			runOnlyForDeploymentPostprocessing = 0;
			shellPath = /bin/sh;
			shellScript = "diff \"${PODS_PODFILE_DIR_PATH}/Podfile.lock\" \"${PODS_ROOT}/Manifest.lock\" > /dev/null\nif [ $? != 0 ] ; then\n    # print error to STDERR\n    echo \"error: The sandbox is not in sync with the Podfile.lock. Run 'pod install' or update your CocoaPods installation.\" >&2\n    exit 1\nfi\n# This output is used by Xcode 'outputs' to avoid re-running this script phase.\necho \"SUCCESS\" > \"${SCRIPT_OUTPUT_FILE_0}\"\n";
			showEnvVarsInLog = 0;
		};
/* End PBXShellScriptBuildPhase section */

/* Begin PBXSourcesBuildPhase section */
		DD1C8AD52742A85D00647DFC /* Sources */ = {
			isa = PBXSourcesBuildPhase;
			buildActionMask = 2147483647;
			files = (
				DD1C8B052742AFEA00647DFC /* CreateEditJogController.swift in Sources */,
				DDA424812743E89900E3E53D /* JogStatisticTableViewCell.swift in Sources */,
				DD3BEB052746AC5E0061AACF /* WeekStatsViewController.swift in Sources */,
				DD3BEB192746F8DD0061AACF /* FeedbackViewController.swift in Sources */,
				DD35D0E42742EB3F00595515 /* JogsViewController.swift in Sources */,
				DD0AFFAC2744661C00D1B0DE /* JogsModel.swift in Sources */,
				DD35D0E82742EDA400595515 /* PurpleButton.swift in Sources */,
				DD5DFC1527454E4E007F5B14 /* FilterTableViewCell.swift in Sources */,
				DD0AFFA9274465AB00D1B0DE /* NetworkManager.swift in Sources */,
				DD3BEB162746F6A70061AACF /* MenuListTableViewController.swift in Sources */,
				DD0AFFAF2744666600D1B0DE /* JTError.swift in Sources */,
				DD3BEB0E2746B0CA0061AACF /* WeekStatsModel.swift in Sources */,
				DD1C8AE12742A85D00647DFC /* LoginScreenViewController.swift in Sources */,
				DD1C8ADD2742A85D00647DFC /* AppDelegate.swift in Sources */,
				DD3BEB00274680280061AACF /* LoginModel.swift in Sources */,
				DD35D0E12742E72D00595515 /* MenuViewController.swift in Sources */,
				DD1C8ADF2742A85D00647DFC /* SceneDelegate.swift in Sources */,
				DD35D0DE2742E16F00595515 /* InfoViewController.swift in Sources */,
				DD3BEB0A2746AC7D0061AACF /* WeekStatsTableViewCell.swift in Sources */,
				DD1C8AF62742A9D300647DFC /* Extensions.swift in Sources */,
			);
			runOnlyForDeploymentPostprocessing = 0;
		};
/* End PBXSourcesBuildPhase section */

/* Begin PBXVariantGroup section */
		DD1C8AE22742A85D00647DFC /* Main.storyboard */ = {
			isa = PBXVariantGroup;
			children = (
				DD1C8AE32742A85D00647DFC /* Base */,
			);
			name = Main.storyboard;
			sourceTree = "<group>";
		};
		DD1C8AE72742A86000647DFC /* LaunchScreen.storyboard */ = {
			isa = PBXVariantGroup;
			children = (
				DD1C8AE82742A86000647DFC /* Base */,
			);
			name = LaunchScreen.storyboard;
			sourceTree = "<group>";
		};
/* End PBXVariantGroup section */

/* Begin XCBuildConfiguration section */
		DD1C8AEB2742A86000647DFC /* Debug */ = {
			isa = XCBuildConfiguration;
			buildSettings = {
				ALWAYS_SEARCH_USER_PATHS = NO;
				CLANG_ANALYZER_NONNULL = YES;
				CLANG_ANALYZER_NUMBER_OBJECT_CONVERSION = YES_AGGRESSIVE;
				CLANG_CXX_LANGUAGE_STANDARD = "gnu++14";
				CLANG_CXX_LIBRARY = "libc++";
				CLANG_ENABLE_MODULES = YES;
				CLANG_ENABLE_OBJC_ARC = YES;
				CLANG_ENABLE_OBJC_WEAK = YES;
				CLANG_WARN_BLOCK_CAPTURE_AUTORELEASING = YES;
				CLANG_WARN_BOOL_CONVERSION = YES;
				CLANG_WARN_COMMA = YES;
				CLANG_WARN_CONSTANT_CONVERSION = YES;
				CLANG_WARN_DEPRECATED_OBJC_IMPLEMENTATIONS = YES;
				CLANG_WARN_DIRECT_OBJC_ISA_USAGE = YES_ERROR;
				CLANG_WARN_DOCUMENTATION_COMMENTS = YES;
				CLANG_WARN_EMPTY_BODY = YES;
				CLANG_WARN_ENUM_CONVERSION = YES;
				CLANG_WARN_INFINITE_RECURSION = YES;
				CLANG_WARN_INT_CONVERSION = YES;
				CLANG_WARN_NON_LITERAL_NULL_CONVERSION = YES;
				CLANG_WARN_OBJC_IMPLICIT_RETAIN_SELF = YES;
				CLANG_WARN_OBJC_LITERAL_CONVERSION = YES;
				CLANG_WARN_OBJC_ROOT_CLASS = YES_ERROR;
				CLANG_WARN_QUOTED_INCLUDE_IN_FRAMEWORK_HEADER = YES;
				CLANG_WARN_RANGE_LOOP_ANALYSIS = YES;
				CLANG_WARN_STRICT_PROTOTYPES = YES;
				CLANG_WARN_SUSPICIOUS_MOVE = YES;
				CLANG_WARN_UNGUARDED_AVAILABILITY = YES_AGGRESSIVE;
				CLANG_WARN_UNREACHABLE_CODE = YES;
				CLANG_WARN__DUPLICATE_METHOD_MATCH = YES;
				COPY_PHASE_STRIP = NO;
				DEBUG_INFORMATION_FORMAT = dwarf;
				ENABLE_STRICT_OBJC_MSGSEND = YES;
				ENABLE_TESTABILITY = YES;
				GCC_C_LANGUAGE_STANDARD = gnu11;
				GCC_DYNAMIC_NO_PIC = NO;
				GCC_NO_COMMON_BLOCKS = YES;
				GCC_OPTIMIZATION_LEVEL = 0;
				GCC_PREPROCESSOR_DEFINITIONS = (
					"DEBUG=1",
					"$(inherited)",
				);
				GCC_WARN_64_TO_32_BIT_CONVERSION = YES;
				GCC_WARN_ABOUT_RETURN_TYPE = YES_ERROR;
				GCC_WARN_UNDECLARED_SELECTOR = YES;
				GCC_WARN_UNINITIALIZED_AUTOS = YES_AGGRESSIVE;
				GCC_WARN_UNUSED_FUNCTION = YES;
				GCC_WARN_UNUSED_VARIABLE = YES;
				IPHONEOS_DEPLOYMENT_TARGET = 14.4;
				MTL_ENABLE_DEBUG_INFO = INCLUDE_SOURCE;
				MTL_FAST_MATH = YES;
				ONLY_ACTIVE_ARCH = YES;
				SDKROOT = iphoneos;
				SWIFT_ACTIVE_COMPILATION_CONDITIONS = DEBUG;
				SWIFT_OPTIMIZATION_LEVEL = "-Onone";
			};
			name = Debug;
		};
		DD1C8AEC2742A86000647DFC /* Release */ = {
			isa = XCBuildConfiguration;
			buildSettings = {
				ALWAYS_SEARCH_USER_PATHS = NO;
				CLANG_ANALYZER_NONNULL = YES;
				CLANG_ANALYZER_NUMBER_OBJECT_CONVERSION = YES_AGGRESSIVE;
				CLANG_CXX_LANGUAGE_STANDARD = "gnu++14";
				CLANG_CXX_LIBRARY = "libc++";
				CLANG_ENABLE_MODULES = YES;
				CLANG_ENABLE_OBJC_ARC = YES;
				CLANG_ENABLE_OBJC_WEAK = YES;
				CLANG_WARN_BLOCK_CAPTURE_AUTORELEASING = YES;
				CLANG_WARN_BOOL_CONVERSION = YES;
				CLANG_WARN_COMMA = YES;
				CLANG_WARN_CONSTANT_CONVERSION = YES;
				CLANG_WARN_DEPRECATED_OBJC_IMPLEMENTATIONS = YES;
				CLANG_WARN_DIRECT_OBJC_ISA_USAGE = YES_ERROR;
				CLANG_WARN_DOCUMENTATION_COMMENTS = YES;
				CLANG_WARN_EMPTY_BODY = YES;
				CLANG_WARN_ENUM_CONVERSION = YES;
				CLANG_WARN_INFINITE_RECURSION = YES;
				CLANG_WARN_INT_CONVERSION = YES;
				CLANG_WARN_NON_LITERAL_NULL_CONVERSION = YES;
				CLANG_WARN_OBJC_IMPLICIT_RETAIN_SELF = YES;
				CLANG_WARN_OBJC_LITERAL_CONVERSION = YES;
				CLANG_WARN_OBJC_ROOT_CLASS = YES_ERROR;
				CLANG_WARN_QUOTED_INCLUDE_IN_FRAMEWORK_HEADER = YES;
				CLANG_WARN_RANGE_LOOP_ANALYSIS = YES;
				CLANG_WARN_STRICT_PROTOTYPES = YES;
				CLANG_WARN_SUSPICIOUS_MOVE = YES;
				CLANG_WARN_UNGUARDED_AVAILABILITY = YES_AGGRESSIVE;
				CLANG_WARN_UNREACHABLE_CODE = YES;
				CLANG_WARN__DUPLICATE_METHOD_MATCH = YES;
				COPY_PHASE_STRIP = NO;
				DEBUG_INFORMATION_FORMAT = "dwarf-with-dsym";
				ENABLE_NS_ASSERTIONS = NO;
				ENABLE_STRICT_OBJC_MSGSEND = YES;
				GCC_C_LANGUAGE_STANDARD = gnu11;
				GCC_NO_COMMON_BLOCKS = YES;
				GCC_WARN_64_TO_32_BIT_CONVERSION = YES;
				GCC_WARN_ABOUT_RETURN_TYPE = YES_ERROR;
				GCC_WARN_UNDECLARED_SELECTOR = YES;
				GCC_WARN_UNINITIALIZED_AUTOS = YES_AGGRESSIVE;
				GCC_WARN_UNUSED_FUNCTION = YES;
				GCC_WARN_UNUSED_VARIABLE = YES;
				IPHONEOS_DEPLOYMENT_TARGET = 14.4;
				MTL_ENABLE_DEBUG_INFO = NO;
				MTL_FAST_MATH = YES;
				SDKROOT = iphoneos;
				SWIFT_COMPILATION_MODE = wholemodule;
				SWIFT_OPTIMIZATION_LEVEL = "-O";
				VALIDATE_PRODUCT = YES;
			};
			name = Release;
		};
		DD1C8AEE2742A86000647DFC /* Debug */ = {
			isa = XCBuildConfiguration;
			baseConfigurationReference = 7802484B0B6257EA94AD15EB /* Pods-JogTracker.debug.xcconfig */;
			buildSettings = {
				ASSETCATALOG_COMPILER_APPICON_NAME = AppIcon;
				ASSETCATALOG_COMPILER_GLOBAL_ACCENT_COLOR_NAME = AccentColor;
				CODE_SIGN_STYLE = Automatic;
				DEVELOPMENT_TEAM = ZGCXWM78C4;
				INFOPLIST_FILE = JogTracker/Info.plist;
				IPHONEOS_DEPLOYMENT_TARGET = 13.0;
				LD_RUNPATH_SEARCH_PATHS = (
					"$(inherited)",
					"@executable_path/Frameworks",
				);
				PRODUCT_BUNDLE_IDENTIFIER = com.rollingscopesschoolstudent.JogTracker;
				PRODUCT_NAME = "$(TARGET_NAME)";
				SWIFT_VERSION = 5.0;
				TARGETED_DEVICE_FAMILY = "1,2";
			};
			name = Debug;
		};
		DD1C8AEF2742A86000647DFC /* Release */ = {
			isa = XCBuildConfiguration;
			baseConfigurationReference = 19E0E762326A4A51CC97E916 /* Pods-JogTracker.release.xcconfig */;
			buildSettings = {
				ASSETCATALOG_COMPILER_APPICON_NAME = AppIcon;
				ASSETCATALOG_COMPILER_GLOBAL_ACCENT_COLOR_NAME = AccentColor;
				CODE_SIGN_STYLE = Automatic;
				DEVELOPMENT_TEAM = ZGCXWM78C4;
				INFOPLIST_FILE = JogTracker/Info.plist;
				IPHONEOS_DEPLOYMENT_TARGET = 13.0;
				LD_RUNPATH_SEARCH_PATHS = (
					"$(inherited)",
					"@executable_path/Frameworks",
				);
				PRODUCT_BUNDLE_IDENTIFIER = com.rollingscopesschoolstudent.JogTracker;
				PRODUCT_NAME = "$(TARGET_NAME)";
				SWIFT_VERSION = 5.0;
				TARGETED_DEVICE_FAMILY = "1,2";
			};
			name = Release;
		};
/* End XCBuildConfiguration section */

/* Begin XCConfigurationList section */
		DD1C8AD42742A85D00647DFC /* Build configuration list for PBXProject "JogTracker" */ = {
			isa = XCConfigurationList;
			buildConfigurations = (
				DD1C8AEB2742A86000647DFC /* Debug */,
				DD1C8AEC2742A86000647DFC /* Release */,
			);
			defaultConfigurationIsVisible = 0;
			defaultConfigurationName = Release;
		};
		DD1C8AED2742A86000647DFC /* Build configuration list for PBXNativeTarget "JogTracker" */ = {
			isa = XCConfigurationList;
			buildConfigurations = (
				DD1C8AEE2742A86000647DFC /* Debug */,
				DD1C8AEF2742A86000647DFC /* Release */,
			);
			defaultConfigurationIsVisible = 0;
			defaultConfigurationName = Release;
		};
/* End XCConfigurationList section */

/* Begin XCRemoteSwiftPackageReference section */
		DD3BEB342747148E0061AACF /* XCRemoteSwiftPackageReference "SideMenu" */ = {
			isa = XCRemoteSwiftPackageReference;
			repositoryURL = "https://github.com/jonkykong/SideMenu.git";
			requirement = {
				branch = master;
				kind = branch;
			};
		};
/* End XCRemoteSwiftPackageReference section */

/* Begin XCSwiftPackageProductDependency section */
		DD3BEB352747148E0061AACF /* SideMenu */ = {
			isa = XCSwiftPackageProductDependency;
			package = DD3BEB342747148E0061AACF /* XCRemoteSwiftPackageReference "SideMenu" */;
			productName = SideMenu;
		};
/* End XCSwiftPackageProductDependency section */
	};
	rootObject = DD1C8AD12742A85D00647DFC /* Project object */;
}
